// !$*UTF8*$!
{
	archiveVersion = 1;
	classes = {
	};
	objectVersion = 55;
	objects = {

/* Begin PBXBuildFile section */
		27C075DC2839839E0031E8E9 /* AppDelegate.swift in Sources */ = {isa = PBXBuildFile; fileRef = 27C075DB2839839E0031E8E9 /* AppDelegate.swift */; };
		27C075DE2839839E0031E8E9 /* SceneDelegate.swift in Sources */ = {isa = PBXBuildFile; fileRef = 27C075DD2839839E0031E8E9 /* SceneDelegate.swift */; };
		27C075E02839839E0031E8E9 /* ViewController.swift in Sources */ = {isa = PBXBuildFile; fileRef = 27C075DF2839839E0031E8E9 /* ViewController.swift */; };
		27C075E5283983A40031E8E9 /* Assets.xcassets in Resources */ = {isa = PBXBuildFile; fileRef = 27C075E4283983A40031E8E9 /* Assets.xcassets */; };
		27C075E8283983A40031E8E9 /* LaunchScreen.storyboard in Resources */ = {isa = PBXBuildFile; fileRef = 27C075E6283983A40031E8E9 /* LaunchScreen.storyboard */; };
		27F5A1FB283AA4D100C7A34A /* Movie.swift in Sources */ = {isa = PBXBuildFile; fileRef = 27F5A1FA283AA4D100C7A34A /* Movie.swift */; };
		27F5A1FF283AA77200C7A34A /* README.md in Resources */ = {isa = PBXBuildFile; fileRef = 27F5A1FE283AA77200C7A34A /* README.md */; };
		27F5A207283AB2A600C7A34A /* MoviesTests.swift in Sources */ = {isa = PBXBuildFile; fileRef = 27F5A206283AB2A600C7A34A /* MoviesTests.swift */; };
/* End PBXBuildFile section */

/* Begin PBXContainerItemProxy section */
		27F5A208283AB2A600C7A34A /* PBXContainerItemProxy */ = {
			isa = PBXContainerItemProxy;
			containerPortal = 27C075D02839839E0031E8E9 /* Project object */;
			proxyType = 1;
			remoteGlobalIDString = 27C075D72839839E0031E8E9;
			remoteInfo = Movies;
		};
/* End PBXContainerItemProxy section */

/* Begin PBXFileReference section */
		27C075D82839839E0031E8E9 /* Movies.app */ = {isa = PBXFileReference; explicitFileType = wrapper.application; includeInIndex = 0; path = Movies.app; sourceTree = BUILT_PRODUCTS_DIR; };
		27C075DB2839839E0031E8E9 /* AppDelegate.swift */ = {isa = PBXFileReference; lastKnownFileType = sourcecode.swift; path = AppDelegate.swift; sourceTree = "<group>"; };
		27C075DD2839839E0031E8E9 /* SceneDelegate.swift */ = {isa = PBXFileReference; lastKnownFileType = sourcecode.swift; path = SceneDelegate.swift; sourceTree = "<group>"; };
		27C075DF2839839E0031E8E9 /* ViewController.swift */ = {isa = PBXFileReference; lastKnownFileType = sourcecode.swift; path = ViewController.swift; sourceTree = "<group>"; };
		27C075E4283983A40031E8E9 /* Assets.xcassets */ = {isa = PBXFileReference; lastKnownFileType = folder.assetcatalog; path = Assets.xcassets; sourceTree = "<group>"; };
		27C075E7283983A40031E8E9 /* Base */ = {isa = PBXFileReference; lastKnownFileType = file.storyboard; name = Base; path = Base.lproj/LaunchScreen.storyboard; sourceTree = "<group>"; };
		27C075E9283983A40031E8E9 /* Info.plist */ = {isa = PBXFileReference; lastKnownFileType = text.plist.xml; path = Info.plist; sourceTree = "<group>"; };
		27F5A1FA283AA4D100C7A34A /* Movie.swift */ = {isa = PBXFileReference; lastKnownFileType = sourcecode.swift; path = Movie.swift; sourceTree = "<group>"; };
		27F5A1FE283AA77200C7A34A /* README.md */ = {isa = PBXFileReference; fileEncoding = 4; lastKnownFileType = net.daringfireball.markdown; path = README.md; sourceTree = "<group>"; };
		27F5A204283AB2A600C7A34A /* MoviesTests.xctest */ = {isa = PBXFileReference; explicitFileType = wrapper.cfbundle; includeInIndex = 0; path = MoviesTests.xctest; sourceTree = BUILT_PRODUCTS_DIR; };
		27F5A206283AB2A600C7A34A /* MoviesTests.swift */ = {isa = PBXFileReference; lastKnownFileType = sourcecode.swift; path = MoviesTests.swift; sourceTree = "<group>"; };
/* End PBXFileReference section */

/* Begin PBXFrameworksBuildPhase section */
		27C075D52839839E0031E8E9 /* Frameworks */ = {
			isa = PBXFrameworksBuildPhase;
			buildActionMask = 2147483647;
			files = (
			);
			runOnlyForDeploymentPostprocessing = 0;
		};
		27F5A201283AB2A600C7A34A /* Frameworks */ = {
			isa = PBXFrameworksBuildPhase;
			buildActionMask = 2147483647;
			files = (
			);
			runOnlyForDeploymentPostprocessing = 0;
		};
/* End PBXFrameworksBuildPhase section */

/* Begin PBXGroup section */
		27C075CF2839839E0031E8E9 = {
			isa = PBXGroup;
			children = (
				27F5A1FE283AA77200C7A34A /* README.md */,
				27C075DA2839839E0031E8E9 /* Movies */,
				27F5A205283AB2A600C7A34A /* MoviesTests */,
				27C075D92839839E0031E8E9 /* Products */,
			);
			sourceTree = "<group>";
		};
		27C075D92839839E0031E8E9 /* Products */ = {
			isa = PBXGroup;
			children = (
				27C075D82839839E0031E8E9 /* Movies.app */,
				27F5A204283AB2A600C7A34A /* MoviesTests.xctest */,
			);
			name = Products;
			sourceTree = "<group>";
		};
		27C075DA2839839E0031E8E9 /* Movies */ = {
			isa = PBXGroup;
			children = (
				27F5A1FD283AA60500C7A34A /* Data */,
				27F5A1FC283AA5FA00C7A34A /* Sections */,
				27F5A1F9283AA4BE00C7A34A /* Domain */,
				27C075DB2839839E0031E8E9 /* AppDelegate.swift */,
				27C075DD2839839E0031E8E9 /* SceneDelegate.swift */,
				27C075DF2839839E0031E8E9 /* ViewController.swift */,
				27C075E4283983A40031E8E9 /* Assets.xcassets */,
				27C075E6283983A40031E8E9 /* LaunchScreen.storyboard */,
				27C075E9283983A40031E8E9 /* Info.plist */,
			);
			path = Movies;
			sourceTree = "<group>";
		};
		27F5A1F9283AA4BE00C7A34A /* Domain */ = {
			isa = PBXGroup;
			children = (
				27F5A1FA283AA4D100C7A34A /* Movie.swift */,
			);
			path = Domain;
			sourceTree = "<group>";
		};
		27F5A1FC283AA5FA00C7A34A /* Sections */ = {
			isa = PBXGroup;
			children = (
			);
			path = Sections;
			sourceTree = "<group>";
		};
		27F5A1FD283AA60500C7A34A /* Data */ = {
			isa = PBXGroup;
			children = (
			);
			path = Data;
			sourceTree = "<group>";
		};
		27F5A205283AB2A600C7A34A /* MoviesTests */ = {
			isa = PBXGroup;
			children = (
				27F5A206283AB2A600C7A34A /* MoviesTests.swift */,
			);
			path = MoviesTests;
			sourceTree = "<group>";
		};
/* End PBXGroup section */

/* Begin PBXNativeTarget section */
		27C075D72839839E0031E8E9 /* Movies */ = {
			isa = PBXNativeTarget;
			buildConfigurationList = 27C075EC283983A40031E8E9 /* Build configuration list for PBXNativeTarget "Movies" */;
			buildPhases = (
				27C075D42839839E0031E8E9 /* Sources */,
				27C075D52839839E0031E8E9 /* Frameworks */,
				27C075D62839839E0031E8E9 /* Resources */,
			);
			buildRules = (
			);
			dependencies = (
			);
			name = Movies;
			productName = Movies;
			productReference = 27C075D82839839E0031E8E9 /* Movies.app */;
			productType = "com.apple.product-type.application";
		};
		27F5A203283AB2A600C7A34A /* MoviesTests */ = {
			isa = PBXNativeTarget;
			buildConfigurationList = 27F5A20A283AB2A600C7A34A /* Build configuration list for PBXNativeTarget "MoviesTests" */;
			buildPhases = (
				27F5A200283AB2A600C7A34A /* Sources */,
				27F5A201283AB2A600C7A34A /* Frameworks */,
				27F5A202283AB2A600C7A34A /* Resources */,
			);
			buildRules = (
			);
			dependencies = (
				27F5A209283AB2A600C7A34A /* PBXTargetDependency */,
			);
			name = MoviesTests;
			productName = MoviesTests;
			productReference = 27F5A204283AB2A600C7A34A /* MoviesTests.xctest */;
			productType = "com.apple.product-type.bundle.unit-test";
		};
/* End PBXNativeTarget section */

/* Begin PBXProject section */
		27C075D02839839E0031E8E9 /* Project object */ = {
			isa = PBXProject;
			attributes = {
				BuildIndependentTargetsInParallel = 1;
				LastSwiftUpdateCheck = 1330;
				LastUpgradeCheck = 1330;
				TargetAttributes = {
					27C075D72839839E0031E8E9 = {
						CreatedOnToolsVersion = 13.3;
					};
					27F5A203283AB2A600C7A34A = {
						CreatedOnToolsVersion = 13.3;
						TestTargetID = 27C075D72839839E0031E8E9;
					};
				};
			};
			buildConfigurationList = 27C075D32839839E0031E8E9 /* Build configuration list for PBXProject "Movies" */;
			compatibilityVersion = "Xcode 13.0";
			developmentRegion = en;
			hasScannedForEncodings = 0;
			knownRegions = (
				en,
				Base,
			);
			mainGroup = 27C075CF2839839E0031E8E9;
			productRefGroup = 27C075D92839839E0031E8E9 /* Products */;
			projectDirPath = "";
			projectRoot = "";
			targets = (
				27C075D72839839E0031E8E9 /* Movies */,
				27F5A203283AB2A600C7A34A /* MoviesTests */,
			);
		};
/* End PBXProject section */

/* Begin PBXResourcesBuildPhase section */
		27C075D62839839E0031E8E9 /* Resources */ = {
			isa = PBXResourcesBuildPhase;
			buildActionMask = 2147483647;
			files = (
				27F5A1FF283AA77200C7A34A /* README.md in Resources */,
				27C075E8283983A40031E8E9 /* LaunchScreen.storyboard in Resources */,
				27C075E5283983A40031E8E9 /* Assets.xcassets in Resources */,
			);
			runOnlyForDeploymentPostprocessing = 0;
		};
		27F5A202283AB2A600C7A34A /* Resources */ = {
			isa = PBXResourcesBuildPhase;
			buildActionMask = 2147483647;
			files = (
			);
			runOnlyForDeploymentPostprocessing = 0;
		};
/* End PBXResourcesBuildPhase section */

/* Begin PBXSourcesBuildPhase section */
		27C075D42839839E0031E8E9 /* Sources */ = {
			isa = PBXSourcesBuildPhase;
			buildActionMask = 2147483647;
			files = (
				27C075E02839839E0031E8E9 /* ViewController.swift in Sources */,
				27C075DC2839839E0031E8E9 /* AppDelegate.swift in Sources */,
				27F5A1FB283AA4D100C7A34A /* Movie.swift in Sources */,
				27C075DE2839839E0031E8E9 /* SceneDelegate.swift in Sources */,
			);
			runOnlyForDeploymentPostprocessing = 0;
		};
		27F5A200283AB2A600C7A34A /* Sources */ = {
			isa = PBXSourcesBuildPhase;
			buildActionMask = 2147483647;
			files = (
				27F5A207283AB2A600C7A34A /* MoviesTests.swift in Sources */,
			);
			runOnlyForDeploymentPostprocessing = 0;
		};
/* End PBXSourcesBuildPhase section */

/* Begin PBXTargetDependency section */
		27F5A209283AB2A600C7A34A /* PBXTargetDependency */ = {
			isa = PBXTargetDependency;
			target = 27C075D72839839E0031E8E9 /* Movies */;
			targetProxy = 27F5A208283AB2A600C7A34A /* PBXContainerItemProxy */;
		};
/* End PBXTargetDependency section */

/* Begin PBXVariantGroup section */
		27C075E6283983A40031E8E9 /* LaunchScreen.storyboard */ = {
			isa = PBXVariantGroup;
			children = (
				27C075E7283983A40031E8E9 /* Base */,
			);
			name = LaunchScreen.storyboard;
			sourceTree = "<group>";
		};
/* End PBXVariantGroup section */

/* Begin XCBuildConfiguration section */
		27C075EA283983A40031E8E9 /* Debug */ = {
			isa = XCBuildConfiguration;
			buildSettings = {
				ALWAYS_SEARCH_USER_PATHS = NO;
				CLANG_ANALYZER_NONNULL = YES;
				CLANG_ANALYZER_NUMBER_OBJECT_CONVERSION = YES_AGGRESSIVE;
				CLANG_CXX_LANGUAGE_STANDARD = "gnu++17";
				CLANG_ENABLE_MODULES = YES;
				CLANG_ENABLE_OBJC_ARC = YES;
				CLANG_ENABLE_OBJC_WEAK = YES;
				CLANG_WARN_BLOCK_CAPTURE_AUTORELEASING = YES;
				CLANG_WARN_BOOL_CONVERSION = YES;
				CLANG_WARN_COMMA = YES;
				CLANG_WARN_CONSTANT_CONVERSION = YES;
				CLANG_WARN_DEPRECATED_OBJC_IMPLEMENTATIONS = YES;
				CLANG_WARN_DIRECT_OBJC_ISA_USAGE = YES_ERROR;
				CLANG_WARN_DOCUMENTATION_COMMENTS = YES;
				CLANG_WARN_EMPTY_BODY = YES;
				CLANG_WARN_ENUM_CONVERSION = YES;
				CLANG_WARN_INFINITE_RECURSION = YES;
				CLANG_WARN_INT_CONVERSION = YES;
				CLANG_WARN_NON_LITERAL_NULL_CONVERSION = YES;
				CLANG_WARN_OBJC_IMPLICIT_RETAIN_SELF = YES;
				CLANG_WARN_OBJC_LITERAL_CONVERSION = YES;
				CLANG_WARN_OBJC_ROOT_CLASS = YES_ERROR;
				CLANG_WARN_QUOTED_INCLUDE_IN_FRAMEWORK_HEADER = YES;
				CLANG_WARN_RANGE_LOOP_ANALYSIS = YES;
				CLANG_WARN_STRICT_PROTOTYPES = YES;
				CLANG_WARN_SUSPICIOUS_MOVE = YES;
				CLANG_WARN_UNGUARDED_AVAILABILITY = YES_AGGRESSIVE;
				CLANG_WARN_UNREACHABLE_CODE = YES;
				CLANG_WARN__DUPLICATE_METHOD_MATCH = YES;
				COPY_PHASE_STRIP = NO;
				DEBUG_INFORMATION_FORMAT = dwarf;
				ENABLE_STRICT_OBJC_MSGSEND = YES;
				ENABLE_TESTABILITY = YES;
				GCC_C_LANGUAGE_STANDARD = gnu11;
				GCC_DYNAMIC_NO_PIC = NO;
				GCC_NO_COMMON_BLOCKS = YES;
				GCC_OPTIMIZATION_LEVEL = 0;
				GCC_PREPROCESSOR_DEFINITIONS = (
					"DEBUG=1",
					"$(inherited)",
				);
				GCC_WARN_64_TO_32_BIT_CONVERSION = YES;
				GCC_WARN_ABOUT_RETURN_TYPE = YES_ERROR;
				GCC_WARN_UNDECLARED_SELECTOR = YES;
				GCC_WARN_UNINITIALIZED_AUTOS = YES_AGGRESSIVE;
				GCC_WARN_UNUSED_FUNCTION = YES;
				GCC_WARN_UNUSED_VARIABLE = YES;
				IPHONEOS_DEPLOYMENT_TARGET = 15.4;
				MTL_ENABLE_DEBUG_INFO = INCLUDE_SOURCE;
				MTL_FAST_MATH = YES;
				ONLY_ACTIVE_ARCH = YES;
				SDKROOT = iphoneos;
				SWIFT_ACTIVE_COMPILATION_CONDITIONS = DEBUG;
				SWIFT_OPTIMIZATION_LEVEL = "-Onone";
			};
			name = Debug;
		};
		27C075EB283983A40031E8E9 /* Release */ = {
			isa = XCBuildConfiguration;
			buildSettings = {
				ALWAYS_SEARCH_USER_PATHS = NO;
				CLANG_ANALYZER_NONNULL = YES;
				CLANG_ANALYZER_NUMBER_OBJECT_CONVERSION = YES_AGGRESSIVE;
				CLANG_CXX_LANGUAGE_STANDARD = "gnu++17";
				CLANG_ENABLE_MODULES = YES;
				CLANG_ENABLE_OBJC_ARC = YES;
				CLANG_ENABLE_OBJC_WEAK = YES;
				CLANG_WARN_BLOCK_CAPTURE_AUTORELEASING = YES;
				CLANG_WARN_BOOL_CONVERSION = YES;
				CLANG_WARN_COMMA = YES;
				CLANG_WARN_CONSTANT_CONVERSION = YES;
				CLANG_WARN_DEPRECATED_OBJC_IMPLEMENTATIONS = YES;
				CLANG_WARN_DIRECT_OBJC_ISA_USAGE = YES_ERROR;
				CLANG_WARN_DOCUMENTATION_COMMENTS = YES;
				CLANG_WARN_EMPTY_BODY = YES;
				CLANG_WARN_ENUM_CONVERSION = YES;
				CLANG_WARN_INFINITE_RECURSION = YES;
				CLANG_WARN_INT_CONVERSION = YES;
				CLANG_WARN_NON_LITERAL_NULL_CONVERSION = YES;
				CLANG_WARN_OBJC_IMPLICIT_RETAIN_SELF = YES;
				CLANG_WARN_OBJC_LITERAL_CONVERSION = YES;
				CLANG_WARN_OBJC_ROOT_CLASS = YES_ERROR;
				CLANG_WARN_QUOTED_INCLUDE_IN_FRAMEWORK_HEADER = YES;
				CLANG_WARN_RANGE_LOOP_ANALYSIS = YES;
				CLANG_WARN_STRICT_PROTOTYPES = YES;
				CLANG_WARN_SUSPICIOUS_MOVE = YES;
				CLANG_WARN_UNGUARDED_AVAILABILITY = YES_AGGRESSIVE;
				CLANG_WARN_UNREACHABLE_CODE = YES;
				CLANG_WARN__DUPLICATE_METHOD_MATCH = YES;
				COPY_PHASE_STRIP = NO;
				DEBUG_INFORMATION_FORMAT = "dwarf-with-dsym";
				ENABLE_NS_ASSERTIONS = NO;
				ENABLE_STRICT_OBJC_MSGSEND = YES;
				GCC_C_LANGUAGE_STANDARD = gnu11;
				GCC_NO_COMMON_BLOCKS = YES;
				GCC_WARN_64_TO_32_BIT_CONVERSION = YES;
				GCC_WARN_ABOUT_RETURN_TYPE = YES_ERROR;
				GCC_WARN_UNDECLARED_SELECTOR = YES;
				GCC_WARN_UNINITIALIZED_AUTOS = YES_AGGRESSIVE;
				GCC_WARN_UNUSED_FUNCTION = YES;
				GCC_WARN_UNUSED_VARIABLE = YES;
				IPHONEOS_DEPLOYMENT_TARGET = 15.4;
				MTL_ENABLE_DEBUG_INFO = NO;
				MTL_FAST_MATH = YES;
				SDKROOT = iphoneos;
				SWIFT_COMPILATION_MODE = wholemodule;
				SWIFT_OPTIMIZATION_LEVEL = "-O";
				VALIDATE_PRODUCT = YES;
			};
			name = Release;
		};
		27C075ED283983A40031E8E9 /* Debug */ = {
			isa = XCBuildConfiguration;
			buildSettings = {
				ASSETCATALOG_COMPILER_APPICON_NAME = AppIcon;
				ASSETCATALOG_COMPILER_GLOBAL_ACCENT_COLOR_NAME = AccentColor;
				CODE_SIGN_STYLE = Automatic;
				CURRENT_PROJECT_VERSION = 1;
				GENERATE_INFOPLIST_FILE = YES;
				INFOPLIST_FILE = Movies/Info.plist;
				INFOPLIST_KEY_UIApplicationSupportsIndirectInputEvents = YES;
				INFOPLIST_KEY_UILaunchStoryboardName = LaunchScreen;
				INFOPLIST_KEY_UISupportedInterfaceOrientations_iPad = "UIInterfaceOrientationPortrait UIInterfaceOrientationPortraitUpsideDown UIInterfaceOrientationLandscapeLeft UIInterfaceOrientationLandscapeRight";
				INFOPLIST_KEY_UISupportedInterfaceOrientations_iPhone = "UIInterfaceOrientationPortrait UIInterfaceOrientationLandscapeLeft UIInterfaceOrientationLandscapeRight";
				LD_RUNPATH_SEARCH_PATHS = (
					"$(inherited)",
					"@executable_path/Frameworks",
				);
				MARKETING_VERSION = 1.0;
				PRODUCT_BUNDLE_IDENTIFIER = com.frank.Movies;
				PRODUCT_NAME = "$(TARGET_NAME)";
				SWIFT_EMIT_LOC_STRINGS = YES;
				SWIFT_VERSION = 5.0;
				TARGETED_DEVICE_FAMILY = 1;
			};
			name = Debug;
		};
		27C075EE283983A40031E8E9 /* Release */ = {
			isa = XCBuildConfiguration;
			buildSettings = {
				ASSETCATALOG_COMPILER_APPICON_NAME = AppIcon;
				ASSETCATALOG_COMPILER_GLOBAL_ACCENT_COLOR_NAME = AccentColor;
				CODE_SIGN_STYLE = Automatic;
				CURRENT_PROJECT_VERSION = 1;
				GENERATE_INFOPLIST_FILE = YES;
				INFOPLIST_FILE = Movies/Info.plist;
				INFOPLIST_KEY_UIApplicationSupportsIndirectInputEvents = YES;
				INFOPLIST_KEY_UILaunchStoryboardName = LaunchScreen;
				INFOPLIST_KEY_UISupportedInterfaceOrientations_iPad = "UIInterfaceOrientationPortrait UIInterfaceOrientationPortraitUpsideDown UIInterfaceOrientationLandscapeLeft UIInterfaceOrientationLandscapeRight";
				INFOPLIST_KEY_UISupportedInterfaceOrientations_iPhone = "UIInterfaceOrientationPortrait UIInterfaceOrientationLandscapeLeft UIInterfaceOrientationLandscapeRight";
				LD_RUNPATH_SEARCH_PATHS = (
					"$(inherited)",
					"@executable_path/Frameworks",
				);
				MARKETING_VERSION = 1.0;
				PRODUCT_BUNDLE_IDENTIFIER = com.frank.Movies;
				PRODUCT_NAME = "$(TARGET_NAME)";
				SWIFT_EMIT_LOC_STRINGS = YES;
				SWIFT_VERSION = 5.0;
				TARGETED_DEVICE_FAMILY = 1;
			};
			name = Release;
		};
		27F5A20B283AB2A600C7A34A /* Debug */ = {
			isa = XCBuildConfiguration;
			buildSettings = {
				BUNDLE_LOADER = "$(TEST_HOST)";
				CODE_SIGN_STYLE = Automatic;
				CURRENT_PROJECT_VERSION = 1;
				GENERATE_INFOPLIST_FILE = YES;
				MARKETING_VERSION = 1.0;
				PRODUCT_BUNDLE_IDENTIFIER = com.frank.MoviesTests;
				PRODUCT_NAME = "$(TARGET_NAME)";
				SWIFT_EMIT_LOC_STRINGS = NO;
				SWIFT_VERSION = 5.0;
				TARGETED_DEVICE_FAMILY = "1,2";
				TEST_HOST = "$(BUILT_PRODUCTS_DIR)/Movies.app/Movies";
			};
			name = Debug;
		};
		27F5A20C283AB2A600C7A34A /* Release */ = {
			isa = XCBuildConfiguration;
			buildSettings = {
				BUNDLE_LOADER = "$(TEST_HOST)";
				CODE_SIGN_STYLE = Automatic;
				CURRENT_PROJECT_VERSION = 1;
				GENERATE_INFOPLIST_FILE = YES;
				MARKETING_VERSION = 1.0;
				PRODUCT_BUNDLE_IDENTIFIER = com.frank.MoviesTests;
				PRODUCT_NAME = "$(TARGET_NAME)";
				SWIFT_EMIT_LOC_STRINGS = NO;
				SWIFT_VERSION = 5.0;
				TARGETED_DEVICE_FAMILY = "1,2";
				TEST_HOST = "$(BUILT_PRODUCTS_DIR)/Movies.app/Movies";
			};
			name = Release;
		};
/* End XCBuildConfiguration section */

/* Begin XCConfigurationList section */
		27C075D32839839E0031E8E9 /* Build configuration list for PBXProject "Movies" */ = {
			isa = XCConfigurationList;
			buildConfigurations = (
				27C075EA283983A40031E8E9 /* Debug */,
				27C075EB283983A40031E8E9 /* Release */,
			);
			defaultConfigurationIsVisible = 0;
			defaultConfigurationName = Release;
		};
		27C075EC283983A40031E8E9 /* Build configuration list for PBXNativeTarget "Movies" */ = {
			isa = XCConfigurationList;
			buildConfigurations = (
				27C075ED283983A40031E8E9 /* Debug */,
				27C075EE283983A40031E8E9 /* Release */,
			);
			defaultConfigurationIsVisible = 0;
			defaultConfigurationName = Release;
		};
		27F5A20A283AB2A600C7A34A /* Build configuration list for PBXNativeTarget "MoviesTests" */ = {
			isa = XCConfigurationList;
			buildConfigurations = (
				27F5A20B283AB2A600C7A34A /* Debug */,
				27F5A20C283AB2A600C7A34A /* Release */,
			);
			defaultConfigurationIsVisible = 0;
			defaultConfigurationName = Release;
		};
/* End XCConfigurationList section */
	};
	rootObject = 27C075D02839839E0031E8E9 /* Project object */;
}
